{
  "name": "website-plugins",
  "version": "1.0.0",
  "lockfileVersion": 1,
  "requires": true,
  "dependencies": {
    "@types/node": {
      "version": "20.3.1",
      "resolved": "https://registry.npmjs.org/@types/node/-/node-20.3.1.tgz",
      "integrity": "sha512-EhcH/wvidPy1WeML3TtYFGR83UzjxeWRen9V402T8aUGYsCHOmfoisV3ZSg03gAFIbLq8TnWOJ0f4cALtnSEUg==",
      "dev": true
    },
    "tempjs-template": {
      "version": "1.0.7",
      "resolved": "https://registry.npmjs.org/tempjs-template/-/tempjs-template-1.0.7.tgz",
      "integrity": "sha512-uKaGfwDEKHISDYw5YIcvXruB/qJ4g+Peb+W9mTKpBENWEVVVU32ohj6NsTcVj5axwU3fnagCRGcx/M2UwMkwow=="
    },
    "typescript": {
      "version": "5.1.3",
      "resolved": "https://registry.npmjs.org/typescript/-/typescript-5.1.3.tgz",
      "integrity": "sha512-XH627E9vkeqhlZFQuL+UsyAXEnibT0kWR2FWONlr4sTjvxyJYnyefgrkyECLzM5NenmKzRAy2rR/OlYLA1HkZw==",
      "dev": true
    }
  }
}
